
Microsoft Visual Studio Solution File, Format Version 12.00
# Visual Studio Version 16
VisualStudioVersion = 16.0.28803.352
MinimumVisualStudioVersion = 10.0.40219.1
Project("{FAE04EC0-301F-11D3-BF4B-00C04F79EFBC}") = "CoreApp1", "CoreApp1\CoreApp1.csproj", "{55367EF4-B28C-4137-90A4-B63D4D2138B4}"
EndProject
Global
	GlobalSection(SolutionConfigurationPlatforms) = preSolution
		Debug|Any CPU = Debug|Any CPU
		Release|Any CPU = Release|Any CPU
	EndGlobalSection
	GlobalSection(ProjectConfigurationPlatforms) = postSolution
		{55367EF4-B28C-4137-90A4-B63D4D2138B4}.Debug|Any CPU.ActiveCfg = Debug|Any CPU
		{55367EF4-B28C-4137-90A4-B63D4D2138B4}.Debug|Any CPU.Build.0 = Debug|Any CPU
		{55367EF4-B28C-4137-90A4-B63D4D2138B4}.Release|Any CPU.ActiveCfg = Release|Any CPU
		{55367EF4-B28C-4137-90A4-B63D4D2138B4}.Release|Any CPU.Build.0 = Release|Any CPU
	EndGlobalSection
	GlobalSection(SolutionProperties) = preSolution
		HideSolutionNode = FALSE
	EndGlobalSection
	GlobalSection(ExtensibilityGlobals) = postSolution
		SolutionGuid = {71E74A0C-D24F-4429-9C6D-3B9581249C21}
	EndGlobalSection
EndGlobal
